
Microsoft Visual Studio Solution File, Format Version 12.00
# Visual Studio Version 17
VisualStudioVersion = 17.8.34330.188
MinimumVisualStudioVersion = 10.0.40219.1
Project("{FAE04EC0-301F-11D3-BF4B-00C04F79EFBC}") = "coursework", "coursework\coursework.csproj", "{BEC3B44C-A695-4AD6-BCB3-C04192A60A31}"
EndProject
Global
	GlobalSection(SolutionConfigurationPlatforms) = preSolution
		Debug|Any CPU = Debug|Any CPU
		Release|Any CPU = Release|Any CPU
	EndGlobalSection
	GlobalSection(ProjectConfigurationPlatforms) = postSolution
		{BEC3B44C-A695-4AD6-BCB3-C04192A60A31}.Debug|Any CPU.ActiveCfg = Debug|Any CPU
		{BEC3B44C-A695-4AD6-BCB3-C04192A60A31}.Debug|Any CPU.Build.0 = Debug|Any CPU
		{BEC3B44C-A695-4AD6-BCB3-C04192A60A31}.Release|Any CPU.ActiveCfg = Release|Any CPU
		{BEC3B44C-A695-4AD6-BCB3-C04192A60A31}.Release|Any CPU.Build.0 = Release|Any CPU
	EndGlobalSection
	GlobalSection(SolutionProperties) = preSolution
		HideSolutionNode = FALSE
	EndGlobalSection
	GlobalSection(ExtensibilityGlobals) = postSolution
		SolutionGuid = {84A8553B-C18F-4B82-8C58-6E14345B4FAC}
	EndGlobalSection
EndGlobal
